
Microsoft Visual Studio Solution File, Format Version 12.00
# Visual Studio Version 17
VisualStudioVersion = 17.8.34701.33
MinimumVisualStudioVersion = 10.0.40219.1
Project("{9A19103F-16F7-4668-BE54-9A1E7A4F7556}") = "Worker-Efficiency-Tracking-Tool", "Worker-Efficiency-Tracking-Tool.csproj", "{CD0672E0-EE43-4FC2-A56A-D7A225665B67}"
EndProject
Global
	GlobalSection(SolutionConfigurationPlatforms) = preSolution
		Debug|Any CPU = Debug|Any CPU
		Release|Any CPU = Release|Any CPU
	EndGlobalSection
	GlobalSection(ProjectConfigurationPlatforms) = postSolution
		{CD0672E0-EE43-4FC2-A56A-D7A225665B67}.Debug|Any CPU.ActiveCfg = Debug|Any CPU
		{CD0672E0-EE43-4FC2-A56A-D7A225665B67}.Debug|Any CPU.Build.0 = Debug|Any CPU
		{CD0672E0-EE43-4FC2-A56A-D7A225665B67}.Release|Any CPU.ActiveCfg = Release|Any CPU
		{CD0672E0-EE43-4FC2-A56A-D7A225665B67}.Release|Any CPU.Build.0 = Release|Any CPU
	EndGlobalSection
	GlobalSection(SolutionProperties) = preSolution
		HideSolutionNode = FALSE
	EndGlobalSection
	GlobalSection(ExtensibilityGlobals) = postSolution
		SolutionGuid = {7819F643-A0B6-48BF-8AD3-637758C15906}
	EndGlobalSection
EndGlobal
